<?xml version="1.0" encoding="utf-8"?>
<Project ToolsVersion="4.0" xmlns="http://schemas.microsoft.com/developer/msbuild/2003">
  <ItemGroup>
    <Filter Include="Source Files">
      <UniqueIdentifier>{4FC737F1-C7A5-4376-A066-2A32D752A2FF}</UniqueIdentifier>
      <Extensions>cpp;c;cc;cxx;c++;cppm;ixx;def;odl;idl;hpj;bat;asm;asmx</Extensions>
    </Filter>
    <Filter Include="Header Files">
      <UniqueIdentifier>{93995380-89BD-4b04-88EB-625FBE52EBFB}</UniqueIdentifier>
      <Extensions>h;hh;hpp;hxx;h++;hm;inl;inc;ipp;xsd</Extensions>
    </Filter>
    <Filter Include="Resource Files">
      <UniqueIdentifier>{67DA6AB6-F800-4c08-8B7A-83BB121AAD01}</UniqueIdentifier>
      <Extensions>rc;ico;cur;bmp;dlg;rc2;rct;bin;rgs;gif;jpg;jpeg;jpe;resx;tiff;tif;png;wav;mfcribbon-ms</Extensions>
    </Filter>
  </ItemGroup>
  <ItemGroup>
    <ClCompile Include="source\core\main.c">
      <Filter>Source Files</Filter>
    </ClCompile>
    <ClCompile Include="source\entities\entity.c">
      <Filter>Source Files</Filter>
    </ClCompile>
    <ClCompile Include="source\world\chunk.c">
      <Filter>Source Files</Filter>
    </ClCompile>
    <ClCompile Include="source\inventory\inventory.c">
      <Filter>Source Files</Filter>
    </ClCompile>
    <ClCompile Include="source\graphics\camera.c">
      <Filter>Source Files</Filter>
    </ClCompile>
    <ClCompile Include="source\graphics\vector.c">
      <Filter>Source Files</Filter>
    </ClCompile>
    <ClCompile Include="source\networking\networking.c">
      <Filter>Source Files</Filter>
    </ClCompile>
    <ClCompile Include="source\input\input.c">
      <Filter>Source Files</Filter>
    </ClCompile>
    <ClCompile Include="source\audio\audio.c">
      <Filter>Source Files</Filter>
    </ClCompile>
    <ClCompile Include="source\world\perlin.c">
      <Filter>Source Files</Filter>
    </ClCompile>
    <ClCompile Include="source\graphics\animation.c">
      <Filter>Source Files</Filter>
    </ClCompile>
    <ClCompile Include="source\world\time.c">
      <Filter>Source Files</Filter>
    </ClCompile>
    <ClCompile Include="source\graphics\particles.c">
      <Filter>Source Files</Filter>
    </ClCompile>
    <ClCompile Include="source\inventory\item.c">
      <Filter>Source Files</Filter>
    </ClCompile>
  </ItemGroup>
  <ItemGroup>
    <Image Include="assets\player_texture.png">
      <Filter>Resource Files</Filter>
    </Image>
    <Image Include="assets\items\stone_texture.png">
      <Filter>Resource Files</Filter>
    </Image>
    <Image Include="assets\tiles\dirt_texture.png">
      <Filter>Resource Files</Filter>
    </Image>
    <Image Include="assets\tiles\enemy_texture.png">
      <Filter>Resource Files</Filter>
    </Image>
    <Image Include="assets\tiles\player_texture.png">
      <Filter>Resource Files</Filter>
    </Image>
    <Image Include="assets\tiles\stone_texture.png">
      <Filter>Resource Files</Filter>
    </Image>
    <Image Include="assets\tiles\water_texture.png">
      <Filter>Resource Files</Filter>
    </Image>
    <Image Include="assets\textures\ui\item_slot.png">
      <Filter>Resource Files</Filter>
    </Image>
    <Image Include="assets\textures\items\stone.png">
      <Filter>Resource Files</Filter>
    </Image>
    <Image Include="assets\textures\tiles\dirt.png">
      <Filter>Resource Files</Filter>
    </Image>
    <Image Include="assets\textures\tiles\enemy.png">
      <Filter>Resource Files</Filter>
    </Image>
    <Image Include="assets\textures\tiles\player.png">
      <Filter>Resource Files</Filter>
    </Image>
    <Image Include="assets\textures\tiles\stone.png">
      <Filter>Resource Files</Filter>
    </Image>
    <Image Include="assets\textures\tiles\water.png">
      <Filter>Resource Files</Filter>
    </Image>
  </ItemGroup>
  <ItemGroup>
    <ClInclude Include="source\graphics\vector.h">
      <Filter>Source Files</Filter>
    </ClInclude>
    <ClInclude Include="source\entities\entity.h">
      <Filter>Source Files</Filter>
    </ClInclude>
    <ClInclude Include="source\world\chunk.h">
      <Filter>Source Files</Filter>
    </ClInclude>
    <ClInclude Include="source\inventory\inventory.h">
      <Filter>Source Files</Filter>
    </ClInclude>
    <ClInclude Include="source\graphics\camera.h">
      <Filter>Source Files</Filter>
    </ClInclude>
    <ClInclude Include="source\entities\entity_component.h">
      <Filter>Header Files</Filter>
    </ClInclude>
    <ClInclude Include="source\networking\networking.h">
      <Filter>Header Files</Filter>
    </ClInclude>
    <ClInclude Include="source\input\input.h">
      <Filter>Header Files</Filter>
    </ClInclude>
    <ClInclude Include="source\audio\audio.h">
      <Filter>Header Files</Filter>
    </ClInclude>
    <ClInclude Include="source\world\perlin.h">
      <Filter>Header Files</Filter>
    </ClInclude>
    <ClInclude Include="source\graphics\animation.h">
      <Filter>Header Files</Filter>
    </ClInclude>
    <ClInclude Include="source\world\time.h">
      <Filter>Header Files</Filter>
    </ClInclude>
    <ClInclude Include="source\graphics\particles.h">
      <Filter>Header Files</Filter>
    </ClInclude>
    <ClInclude Include="source\inventory\item.h">
      <Filter>Header Files</Filter>
    </ClInclude>
  </ItemGroup>
  <ItemGroup>
    <Font Include="assets\fonts\roboto.ttf" />
  </ItemGroup>
</Project>